
Microsoft Visual Studio Solution File, Format Version 12.00
# Visual Studio Version 17
VisualStudioVersion = 17.8.34316.72
MinimumVisualStudioVersion = 10.0.40219.1
Project("{FAE04EC0-301F-11D3-BF4B-00C04F79EFBC}") = "Geni_Idiot_ConsoleApp", "Geni_Idiot_ConsoleApp\Geni_Idiot_ConsoleApp.csproj", "{0DB6CCAA-5D3A-4780-9535-C4123C475271}"
EndProject
Global
	GlobalSection(SolutionConfigurationPlatforms) = preSolution
		Debug|Any CPU = Debug|Any CPU
		Release|Any CPU = Release|Any CPU
	EndGlobalSection
	GlobalSection(ProjectConfigurationPlatforms) = postSolution
		{0DB6CCAA-5D3A-4780-9535-C4123C475271}.Debug|Any CPU.ActiveCfg = Debug|Any CPU
		{0DB6CCAA-5D3A-4780-9535-C4123C475271}.Debug|Any CPU.Build.0 = Debug|Any CPU
		{0DB6CCAA-5D3A-4780-9535-C4123C475271}.Release|Any CPU.ActiveCfg = Release|Any CPU
		{0DB6CCAA-5D3A-4780-9535-C4123C475271}.Release|Any CPU.Build.0 = Release|Any CPU
	EndGlobalSection
	GlobalSection(SolutionProperties) = preSolution
		HideSolutionNode = FALSE
	EndGlobalSection
	GlobalSection(ExtensibilityGlobals) = postSolution
		SolutionGuid = {D4B1B506-62CA-4A94-8994-BE3FC77D5CA1}
	EndGlobalSection
EndGlobal
